// !$*UTF8*$!
{
	archiveVersion = 1;
	classes = {
	};
	objectVersion = 46;
	objects = {

/* Begin PBXBuildFile section */
		011DCD3D1D207731005240D7 /* AppDelegate.swift in Sources */ = {isa = PBXBuildFile; fileRef = 011DCD3C1D207731005240D7 /* AppDelegate.swift */; };
		011DCD3F1D207731005240D7 /* ViewController.swift in Sources */ = {isa = PBXBuildFile; fileRef = 011DCD3E1D207731005240D7 /* ViewController.swift */; };
		011DCD421D207731005240D7 /* Main.storyboard in Resources */ = {isa = PBXBuildFile; fileRef = 011DCD401D207731005240D7 /* Main.storyboard */; };
		011DCD441D207731005240D7 /* Assets.xcassets in Resources */ = {isa = PBXBuildFile; fileRef = 011DCD431D207731005240D7 /* Assets.xcassets */; };
		011DCD471D207731005240D7 /* LaunchScreen.storyboard in Resources */ = {isa = PBXBuildFile; fileRef = 011DCD451D207731005240D7 /* LaunchScreen.storyboard */; };
		011DCD521D207731005240D7 /* My_Cal_AppTests.swift in Sources */ = {isa = PBXBuildFile; fileRef = 011DCD511D207731005240D7 /* My_Cal_AppTests.swift */; };
		011DCD5D1D207731005240D7 /* My_Cal_AppUITests.swift in Sources */ = {isa = PBXBuildFile; fileRef = 011DCD5C1D207731005240D7 /* My_Cal_AppUITests.swift */; };
/* End PBXBuildFile section */

/* Begin PBXContainerItemProxy section */
		011DCD4E1D207731005240D7 /* PBXContainerItemProxy */ = {
			isa = PBXContainerItemProxy;
			containerPortal = 011DCD311D207730005240D7 /* Project object */;
			proxyType = 1;
			remoteGlobalIDString = 011DCD381D207731005240D7;
			remoteInfo = "My Cal App";
		};
		011DCD591D207731005240D7 /* PBXContainerItemProxy */ = {
			isa = PBXContainerItemProxy;
			containerPortal = 011DCD311D207730005240D7 /* Project object */;
			proxyType = 1;
			remoteGlobalIDString = 011DCD381D207731005240D7;
			remoteInfo = "My Cal App";
		};
/* End PBXContainerItemProxy section */

/* Begin PBXFileReference section */
		011DCD391D207731005240D7 /* My Cal App.app */ = {isa = PBXFileReference; explicitFileType = wrapper.application; includeInIndex = 0; path = "My Cal App.app"; sourceTree = BUILT_PRODUCTS_DIR; };
		011DCD3C1D207731005240D7 /* AppDelegate.swift */ = {isa = PBXFileReference; lastKnownFileType = sourcecode.swift; path = AppDelegate.swift; sourceTree = "<group>"; };
		011DCD3E1D207731005240D7 /* ViewController.swift */ = {isa = PBXFileReference; lastKnownFileType = sourcecode.swift; path = ViewController.swift; sourceTree = "<group>"; };
		011DCD411D207731005240D7 /* Base */ = {isa = PBXFileReference; lastKnownFileType = file.storyboard; name = Base; path = Base.lproj/Main.storyboard; sourceTree = "<group>"; };
		011DCD431D207731005240D7 /* Assets.xcassets */ = {isa = PBXFileReference; lastKnownFileType = folder.assetcatalog; path = Assets.xcassets; sourceTree = "<group>"; };
		011DCD461D207731005240D7 /* Base */ = {isa = PBXFileReference; lastKnownFileType = file.storyboard; name = Base; path = Base.lproj/LaunchScreen.storyboard; sourceTree = "<group>"; };
		011DCD481D207731005240D7 /* Info.plist */ = {isa = PBXFileReference; lastKnownFileType = text.plist.xml; path = Info.plist; sourceTree = "<group>"; };
		011DCD4D1D207731005240D7 /* My Cal AppTests.xctest */ = {isa = PBXFileReference; explicitFileType = wrapper.cfbundle; includeInIndex = 0; path = "My Cal AppTests.xctest"; sourceTree = BUILT_PRODUCTS_DIR; };
		011DCD511D207731005240D7 /* My_Cal_AppTests.swift */ = {isa = PBXFileReference; lastKnownFileType = sourcecode.swift; path = My_Cal_AppTests.swift; sourceTree = "<group>"; };
		011DCD531D207731005240D7 /* Info.plist */ = {isa = PBXFileReference; lastKnownFileType = text.plist.xml; path = Info.plist; sourceTree = "<group>"; };
		011DCD581D207731005240D7 /* My Cal AppUITests.xctest */ = {isa = PBXFileReference; explicitFileType = wrapper.cfbundle; includeInIndex = 0; path = "My Cal AppUITests.xctest"; sourceTree = BUILT_PRODUCTS_DIR; };
		011DCD5C1D207731005240D7 /* My_Cal_AppUITests.swift */ = {isa = PBXFileReference; lastKnownFileType = sourcecode.swift; path = My_Cal_AppUITests.swift; sourceTree = "<group>"; };
		011DCD5E1D207731005240D7 /* Info.plist */ = {isa = PBXFileReference; lastKnownFileType = text.plist.xml; path = Info.plist; sourceTree = "<group>"; };
/* End PBXFileReference section */

/* Begin PBXFrameworksBuildPhase section */
		011DCD361D207731005240D7 /* Frameworks */ = {
			isa = PBXFrameworksBuildPhase;
			buildActionMask = 2147483647;
			files = (
			);
			runOnlyForDeploymentPostprocessing = 0;
		};
		011DCD4A1D207731005240D7 /* Frameworks */ = {
			isa = PBXFrameworksBuildPhase;
			buildActionMask = 2147483647;
			files = (
			);
			runOnlyForDeploymentPostprocessing = 0;
		};
		011DCD551D207731005240D7 /* Frameworks */ = {
			isa = PBXFrameworksBuildPhase;
			buildActionMask = 2147483647;
			files = (
			);
			runOnlyForDeploymentPostprocessing = 0;
		};
/* End PBXFrameworksBuildPhase section */

/* Begin PBXGroup section */
		011DCD301D207730005240D7 = {
			isa = PBXGroup;
			children = (
				011DCD3B1D207731005240D7 /* My Cal App */,
				011DCD501D207731005240D7 /* My Cal AppTests */,
				011DCD5B1D207731005240D7 /* My Cal AppUITests */,
				011DCD3A1D207731005240D7 /* Products */,
			);
			sourceTree = "<group>";
		};
		011DCD3A1D207731005240D7 /* Products */ = {
			isa = PBXGroup;
			children = (
				011DCD391D207731005240D7 /* My Cal App.app */,
				011DCD4D1D207731005240D7 /* My Cal AppTests.xctest */,
				011DCD581D207731005240D7 /* My Cal AppUITests.xctest */,
			);
			name = Products;
			sourceTree = "<group>";
		};
		011DCD3B1D207731005240D7 /* My Cal App */ = {
			isa = PBXGroup;
			children = (
				011DCD3C1D207731005240D7 /* AppDelegate.swift */,
				011DCD3E1D207731005240D7 /* ViewController.swift */,
				011DCD401D207731005240D7 /* Main.storyboard */,
				011DCD431D207731005240D7 /* Assets.xcassets */,
				011DCD451D207731005240D7 /* LaunchScreen.storyboard */,
				011DCD481D207731005240D7 /* Info.plist */,
			);
			path = "My Cal App";
			sourceTree = "<group>";
		};
		011DCD501D207731005240D7 /* My Cal AppTests */ = {
			isa = PBXGroup;
			children = (
				011DCD511D207731005240D7 /* My_Cal_AppTests.swift */,
				011DCD531D207731005240D7 /* Info.plist */,
			);
			path = "My Cal AppTests";
			sourceTree = "<group>";
		};
		011DCD5B1D207731005240D7 /* My Cal AppUITests */ = {
			isa = PBXGroup;
			children = (
				011DCD5C1D207731005240D7 /* My_Cal_AppUITests.swift */,
				011DCD5E1D207731005240D7 /* Info.plist */,
			);
			path = "My Cal AppUITests";
			sourceTree = "<group>";
		};
/* End PBXGroup section */

/* Begin PBXNativeTarget section */
		011DCD381D207731005240D7 /* My Cal App */ = {
			isa = PBXNativeTarget;
			buildConfigurationList = 011DCD611D207731005240D7 /* Build configuration list for PBXNativeTarget "My Cal App" */;
			buildPhases = (
				011DCD351D207731005240D7 /* Sources */,
				011DCD361D207731005240D7 /* Frameworks */,
				011DCD371D207731005240D7 /* Resources */,
			);
			buildRules = (
			);
			dependencies = (
			);
			name = "My Cal App";
			productName = "My Cal App";
			productReference = 011DCD391D207731005240D7 /* My Cal App.app */;
			productType = "com.apple.product-type.application";
		};
		011DCD4C1D207731005240D7 /* My Cal AppTests */ = {
			isa = PBXNativeTarget;
			buildConfigurationList = 011DCD641D207731005240D7 /* Build configuration list for PBXNativeTarget "My Cal AppTests" */;
			buildPhases = (
				011DCD491D207731005240D7 /* Sources */,
				011DCD4A1D207731005240D7 /* Frameworks */,
				011DCD4B1D207731005240D7 /* Resources */,
			);
			buildRules = (
			);
			dependencies = (
				011DCD4F1D207731005240D7 /* PBXTargetDependency */,
			);
			name = "My Cal AppTests";
			productName = "My Cal AppTests";
			productReference = 011DCD4D1D207731005240D7 /* My Cal AppTests.xctest */;
			productType = "com.apple.product-type.bundle.unit-test";
		};
		011DCD571D207731005240D7 /* My Cal AppUITests */ = {
			isa = PBXNativeTarget;
			buildConfigurationList = 011DCD671D207731005240D7 /* Build configuration list for PBXNativeTarget "My Cal AppUITests" */;
			buildPhases = (
				011DCD541D207731005240D7 /* Sources */,
				011DCD551D207731005240D7 /* Frameworks */,
				011DCD561D207731005240D7 /* Resources */,
			);
			buildRules = (
			);
			dependencies = (
				011DCD5A1D207731005240D7 /* PBXTargetDependency */,
			);
			name = "My Cal AppUITests";
			productName = "My Cal AppUITests";
			productReference = 011DCD581D207731005240D7 /* My Cal AppUITests.xctest */;
			productType = "com.apple.product-type.bundle.ui-testing";
		};
/* End PBXNativeTarget section */

/* Begin PBXProject section */
		011DCD311D207730005240D7 /* Project object */ = {
			isa = PBXProject;
			attributes = {
				LastSwiftUpdateCheck = 0730;
				LastUpgradeCheck = 0730;
				ORGANIZATIONNAME = "Nicholas Colon";
				TargetAttributes = {
					011DCD381D207731005240D7 = {
						CreatedOnToolsVersion = 7.3.1;
					};
					011DCD4C1D207731005240D7 = {
						CreatedOnToolsVersion = 7.3.1;
						TestTargetID = 011DCD381D207731005240D7;
					};
					011DCD571D207731005240D7 = {
						CreatedOnToolsVersion = 7.3.1;
						TestTargetID = 011DCD381D207731005240D7;
					};
				};
			};
			buildConfigurationList = 011DCD341D207731005240D7 /* Build configuration list for PBXProject "My Cal App" */;
			compatibilityVersion = "Xcode 3.2";
			developmentRegion = English;
			hasScannedForEncodings = 0;
			knownRegions = (
				en,
				Base,
			);
			mainGroup = 011DCD301D207730005240D7;
			productRefGroup = 011DCD3A1D207731005240D7 /* Products */;
			projectDirPath = "";
			projectRoot = "";
			targets = (
				011DCD381D207731005240D7 /* My Cal App */,
				011DCD4C1D207731005240D7 /* My Cal AppTests */,
				011DCD571D207731005240D7 /* My Cal AppUITests */,
			);
		};
/* End PBXProject section */

/* Begin PBXResourcesBuildPhase section */
		011DCD371D207731005240D7 /* Resources */ = {
			isa = PBXResourcesBuildPhase;
			buildActionMask = 2147483647;
			files = (
				011DCD471D207731005240D7 /* LaunchScreen.storyboard in Resources */,
				011DCD441D207731005240D7 /* Assets.xcassets in Resources */,
				011DCD421D207731005240D7 /* Main.storyboard in Resources */,
			);
			runOnlyForDeploymentPostprocessing = 0;
		};
		011DCD4B1D207731005240D7 /* Resources */ = {
			isa = PBXResourcesBuildPhase;
			buildActionMask = 2147483647;
			files = (
			);
			runOnlyForDeploymentPostprocessing = 0;
		};
		011DCD561D207731005240D7 /* Resources */ = {
			isa = PBXResourcesBuildPhase;
			buildActionMask = 2147483647;
			files = (
			);
			runOnlyForDeploymentPostprocessing = 0;
		};
/* End PBXResourcesBuildPhase section */

/* Begin PBXSourcesBuildPhase section */
		011DCD351D207731005240D7 /* Sources */ = {
			isa = PBXSourcesBuildPhase;
			buildActionMask = 2147483647;
			files = (
				011DCD3F1D207731005240D7 /* ViewController.swift in Sources */,
				011DCD3D1D207731005240D7 /* AppDelegate.swift in Sources */,
			);
			runOnlyForDeploymentPostprocessing = 0;
		};
		011DCD491D207731005240D7 /* Sources */ = {
			isa = PBXSourcesBuildPhase;
			buildActionMask = 2147483647;
			files = (
				011DCD521D207731005240D7 /* My_Cal_AppTests.swift in Sources */,
			);
			runOnlyForDeploymentPostprocessing = 0;
		};
		011DCD541D207731005240D7 /* Sources */ = {
			isa = PBXSourcesBuildPhase;
			buildActionMask = 2147483647;
			files = (
				011DCD5D1D207731005240D7 /* My_Cal_AppUITests.swift in Sources */,
			);
			runOnlyForDeploymentPostprocessing = 0;
		};
/* End PBXSourcesBuildPhase section */

/* Begin PBXTargetDependency section */
		011DCD4F1D207731005240D7 /* PBXTargetDependency */ = {
			isa = PBXTargetDependency;
			target = 011DCD381D207731005240D7 /* My Cal App */;
			targetProxy = 011DCD4E1D207731005240D7 /* PBXContainerItemProxy */;
		};
		011DCD5A1D207731005240D7 /* PBXTargetDependency */ = {
			isa = PBXTargetDependency;
			target = 011DCD381D207731005240D7 /* My Cal App */;
			targetProxy = 011DCD591D207731005240D7 /* PBXContainerItemProxy */;
		};
/* End PBXTargetDependency section */

/* Begin PBXVariantGroup section */
		011DCD401D207731005240D7 /* Main.storyboard */ = {
			isa = PBXVariantGroup;
			children = (
				011DCD411D207731005240D7 /* Base */,
			);
			name = Main.storyboard;
			sourceTree = "<group>";
		};
		011DCD451D207731005240D7 /* LaunchScreen.storyboard */ = {
			isa = PBXVariantGroup;
			children = (
				011DCD461D207731005240D7 /* Base */,
			);
			name = LaunchScreen.storyboard;
			sourceTree = "<group>";
		};
/* End PBXVariantGroup section */

/* Begin XCBuildConfiguration section */
		011DCD5F1D207731005240D7 /* Debug */ = {
			isa = XCBuildConfiguration;
			buildSettings = {
				ALWAYS_SEARCH_USER_PATHS = NO;
				CLANG_ANALYZER_NONNULL = YES;
				CLANG_CXX_LANGUAGE_STANDARD = "gnu++0x";
				CLANG_CXX_LIBRARY = "libc++";
				CLANG_ENABLE_MODULES = YES;
				CLANG_ENABLE_OBJC_ARC = YES;
				CLANG_WARN_BOOL_CONVERSION = YES;
				CLANG_WARN_CONSTANT_CONVERSION = YES;
				CLANG_WARN_DIRECT_OBJC_ISA_USAGE = YES_ERROR;
				CLANG_WARN_EMPTY_BODY = YES;
				CLANG_WARN_ENUM_CONVERSION = YES;
				CLANG_WARN_INT_CONVERSION = YES;
				CLANG_WARN_OBJC_ROOT_CLASS = YES_ERROR;
				CLANG_WARN_UNREACHABLE_CODE = YES;
				CLANG_WARN__DUPLICATE_METHOD_MATCH = YES;
				"CODE_SIGN_IDENTITY[sdk=iphoneos*]" = "iPhone Developer";
				COPY_PHASE_STRIP = NO;
				DEBUG_INFORMATION_FORMAT = dwarf;
				ENABLE_STRICT_OBJC_MSGSEND = YES;
				ENABLE_TESTABILITY = YES;
				GCC_C_LANGUAGE_STANDARD = gnu99;
				GCC_DYNAMIC_NO_PIC = NO;
				GCC_NO_COMMON_BLOCKS = YES;
				GCC_OPTIMIZATION_LEVEL = 0;
				GCC_PREPROCESSOR_DEFINITIONS = (
					"DEBUG=1",
					"$(inherited)",
				);
				GCC_WARN_64_TO_32_BIT_CONVERSION = YES;
				GCC_WARN_ABOUT_RETURN_TYPE = YES_ERROR;
				GCC_WARN_UNDECLARED_SELECTOR = YES;
				GCC_WARN_UNINITIALIZED_AUTOS = YES_AGGRESSIVE;
				GCC_WARN_UNUSED_FUNCTION = YES;
				GCC_WARN_UNUSED_VARIABLE = YES;
				IPHONEOS_DEPLOYMENT_TARGET = 9.3;
				MTL_ENABLE_DEBUG_INFO = YES;
				ONLY_ACTIVE_ARCH = YES;
				SDKROOT = iphoneos;
				SWIFT_OPTIMIZATION_LEVEL = "-Onone";
				TARGETED_DEVICE_FAMILY = "1,2";
			};
			name = Debug;
		};
		011DCD601D207731005240D7 /* Release */ = {
			isa = XCBuildConfiguration;
			buildSettings = {
				ALWAYS_SEARCH_USER_PATHS = NO;
				CLANG_ANALYZER_NONNULL = YES;
				CLANG_CXX_LANGUAGE_STANDARD = "gnu++0x";
				CLANG_CXX_LIBRARY = "libc++";
				CLANG_ENABLE_MODULES = YES;
				CLANG_ENABLE_OBJC_ARC = YES;
				CLANG_WARN_BOOL_CONVERSION = YES;
				CLANG_WARN_CONSTANT_CONVERSION = YES;
				CLANG_WARN_DIRECT_OBJC_ISA_USAGE = YES_ERROR;
				CLANG_WARN_EMPTY_BODY = YES;
				CLANG_WARN_ENUM_CONVERSION = YES;
				CLANG_WARN_INT_CONVERSION = YES;
				CLANG_WARN_OBJC_ROOT_CLASS = YES_ERROR;
				CLANG_WARN_UNREACHABLE_CODE = YES;
				CLANG_WARN__DUPLICATE_METHOD_MATCH = YES;
				"CODE_SIGN_IDENTITY[sdk=iphoneos*]" = "iPhone Developer";
				COPY_PHASE_STRIP = NO;
				DEBUG_INFORMATION_FORMAT = "dwarf-with-dsym";
				ENABLE_NS_ASSERTIONS = NO;
				ENABLE_STRICT_OBJC_MSGSEND = YES;
				GCC_C_LANGUAGE_STANDARD = gnu99;
				GCC_NO_COMMON_BLOCKS = YES;
				GCC_WARN_64_TO_32_BIT_CONVERSION = YES;
				GCC_WARN_ABOUT_RETURN_TYPE = YES_ERROR;
				GCC_WARN_UNDECLARED_SELECTOR = YES;
				GCC_WARN_UNINITIALIZED_AUTOS = YES_AGGRESSIVE;
				GCC_WARN_UNUSED_FUNCTION = YES;
				GCC_WARN_UNUSED_VARIABLE = YES;
				IPHONEOS_DEPLOYMENT_TARGET = 9.3;
				MTL_ENABLE_DEBUG_INFO = NO;
				SDKROOT = iphoneos;
				TARGETED_DEVICE_FAMILY = "1,2";
				VALIDATE_PRODUCT = YES;
			};
			name = Release;
		};
		011DCD621D207731005240D7 /* Debug */ = {
			isa = XCBuildConfiguration;
			buildSettings = {
				ASSETCATALOG_COMPILER_APPICON_NAME = AppIcon;
				INFOPLIST_FILE = "My Cal App/Info.plist";
				LD_RUNPATH_SEARCH_PATHS = "$(inherited) @executable_path/Frameworks";
				PRODUCT_BUNDLE_IDENTIFIER = "ElujinaryMethod.My-Cal-App";
				PRODUCT_NAME = "$(TARGET_NAME)";
			};
			name = Debug;
		};
		011DCD631D207731005240D7 /* Release */ = {
			isa = XCBuildConfiguration;
			buildSettings = {
				ASSETCATALOG_COMPILER_APPICON_NAME = AppIcon;
				INFOPLIST_FILE = "My Cal App/Info.plist";
				LD_RUNPATH_SEARCH_PATHS = "$(inherited) @executable_path/Frameworks";
				PRODUCT_BUNDLE_IDENTIFIER = "ElujinaryMethod.My-Cal-App";
				PRODUCT_NAME = "$(TARGET_NAME)";
			};
			name = Release;
		};
		011DCD651D207731005240D7 /* Debug */ = {
			isa = XCBuildConfiguration;
			buildSettings = {
				BUNDLE_LOADER = "$(TEST_HOST)";
				INFOPLIST_FILE = "My Cal AppTests/Info.plist";
				LD_RUNPATH_SEARCH_PATHS = "$(inherited) @executable_path/Frameworks @loader_path/Frameworks";
				PRODUCT_BUNDLE_IDENTIFIER = "ElujinaryMethod.My-Cal-AppTests";
				PRODUCT_NAME = "$(TARGET_NAME)";
				TEST_HOST = "$(BUILT_PRODUCTS_DIR)/My Cal App.app/My Cal App";
			};
			name = Debug;
		};
		011DCD661D207731005240D7 /* Release */ = {
			isa = XCBuildConfiguration;
			buildSettings = {
				BUNDLE_LOADER = "$(TEST_HOST)";
				INFOPLIST_FILE = "My Cal AppTests/Info.plist";
				LD_RUNPATH_SEARCH_PATHS = "$(inherited) @executable_path/Frameworks @loader_path/Frameworks";
				PRODUCT_BUNDLE_IDENTIFIER = "ElujinaryMethod.My-Cal-AppTests";
				PRODUCT_NAME = "$(TARGET_NAME)";
				TEST_HOST = "$(BUILT_PRODUCTS_DIR)/My Cal App.app/My Cal App";
			};
			name = Release;
		};
		011DCD681D207731005240D7 /* Debug */ = {
			isa = XCBuildConfiguration;
			buildSettings = {
				INFOPLIST_FILE = "My Cal AppUITests/Info.plist";
				LD_RUNPATH_SEARCH_PATHS = "$(inherited) @executable_path/Frameworks @loader_path/Frameworks";
				PRODUCT_BUNDLE_IDENTIFIER = "ElujinaryMethod.My-Cal-AppUITests";
				PRODUCT_NAME = "$(TARGET_NAME)";
				TEST_TARGET_NAME = "My Cal App";
			};
			name = Debug;
		};
		011DCD691D207731005240D7 /* Release */ = {
			isa = XCBuildConfiguration;
			buildSettings = {
				INFOPLIST_FILE = "My Cal AppUITests/Info.plist";
				LD_RUNPATH_SEARCH_PATHS = "$(inherited) @executable_path/Frameworks @loader_path/Frameworks";
				PRODUCT_BUNDLE_IDENTIFIER = "ElujinaryMethod.My-Cal-AppUITests";
				PRODUCT_NAME = "$(TARGET_NAME)";
				TEST_TARGET_NAME = "My Cal App";
			};
			name = Release;
		};
/* End XCBuildConfiguration section */

/* Begin XCConfigurationList section */
		011DCD341D207731005240D7 /* Build configuration list for PBXProject "My Cal App" */ = {
			isa = XCConfigurationList;
			buildConfigurations = (
				011DCD5F1D207731005240D7 /* Debug */,
				011DCD601D207731005240D7 /* Release */,
			);
			defaultConfigurationIsVisible = 0;
			defaultConfigurationName = Release;
		};
		011DCD611D207731005240D7 /* Build configuration list for PBXNativeTarget "My Cal App" */ = {
			isa = XCConfigurationList;
			buildConfigurations = (
				011DCD621D207731005240D7 /* Debug */,
				011DCD631D207731005240D7 /* Release */,
			);
			defaultConfigurationIsVisible = 0;
		};
		011DCD641D207731005240D7 /* Build configuration list for PBXNativeTarget "My Cal AppTests" */ = {
			isa = XCConfigurationList;
			buildConfigurations = (
				011DCD651D207731005240D7 /* Debug */,
				011DCD661D207731005240D7 /* Release */,
			);
			defaultConfigurationIsVisible = 0;
		};
		011DCD671D207731005240D7 /* Build configuration list for PBXNativeTarget "My Cal AppUITests" */ = {
			isa = XCConfigurationList;
			buildConfigurations = (
				011DCD681D207731005240D7 /* Debug */,
				011DCD691D207731005240D7 /* Release */,
			);
			defaultConfigurationIsVisible = 0;
		};
/* End XCConfigurationList section */
	};
	rootObject = 011DCD311D207730005240D7 /* Project object */;
}
